
Microsoft Visual Studio Solution File, Format Version 12.00
# Visual Studio Version 17
VisualStudioVersion = 17.11.35327.3
MinimumVisualStudioVersion = 10.0.40219.1
Project("{FAE04EC0-301F-11D3-BF4B-00C04F79EFBC}") = "BazeProject", "BazeProject\BazeProject.csproj", "{60925B50-FB6E-4E62-A82F-B78A7871A08A}"
EndProject
Global
	GlobalSection(SolutionConfigurationPlatforms) = preSolution
		Debug|Any CPU = Debug|Any CPU
		Release|Any CPU = Release|Any CPU
	EndGlobalSection
	GlobalSection(ProjectConfigurationPlatforms) = postSolution
		{60925B50-FB6E-4E62-A82F-B78A7871A08A}.Debug|Any CPU.ActiveCfg = Debug|Any CPU
		{60925B50-FB6E-4E62-A82F-B78A7871A08A}.Debug|Any CPU.Build.0 = Debug|Any CPU
		{60925B50-FB6E-4E62-A82F-B78A7871A08A}.Release|Any CPU.ActiveCfg = Release|Any CPU
		{60925B50-FB6E-4E62-A82F-B78A7871A08A}.Release|Any CPU.Build.0 = Release|Any CPU
	EndGlobalSection
	GlobalSection(SolutionProperties) = preSolution
		HideSolutionNode = FALSE
	EndGlobalSection
	GlobalSection(ExtensibilityGlobals) = postSolution
		SolutionGuid = {D394E23E-F5DD-4F0D-87F5-F86D5D5DFDFE}
	EndGlobalSection
EndGlobal
